// !$*UTF8*$!
{
	archiveVersion = 1;
	classes = {
	};
	objectVersion = 55;
	objects = {

/* Begin PBXBuildFile section */
		7276A68827F986010090FE9E /* AppDelegate.swift in Sources */ = {isa = PBXBuildFile; fileRef = 7276A68727F986010090FE9E /* AppDelegate.swift */; };
		7276A68A27F986010090FE9E /* SceneDelegate.swift in Sources */ = {isa = PBXBuildFile; fileRef = 7276A68927F986010090FE9E /* SceneDelegate.swift */; };
		7276A68C27F986010090FE9E /* ViewController.swift in Sources */ = {isa = PBXBuildFile; fileRef = 7276A68B27F986010090FE9E /* ViewController.swift */; };
		7276A68F27F986010090FE9E /* Main.storyboard in Resources */ = {isa = PBXBuildFile; fileRef = 7276A68D27F986010090FE9E /* Main.storyboard */; };
		7276A69127F986030090FE9E /* Assets.xcassets in Resources */ = {isa = PBXBuildFile; fileRef = 7276A69027F986030090FE9E /* Assets.xcassets */; };
		7276A69427F986030090FE9E /* LaunchScreen.storyboard in Resources */ = {isa = PBXBuildFile; fileRef = 7276A69227F986030090FE9E /* LaunchScreen.storyboard */; };
		7276A69C27F986190090FE9E /* GoogleService-Info.plist in Resources */ = {isa = PBXBuildFile; fileRef = 7276A69B27F986190090FE9E /* GoogleService-Info.plist */; };
		7276A69E27FA09E80090FE9E /* MapViewController.swift in Sources */ = {isa = PBXBuildFile; fileRef = 7276A69D27FA09E80090FE9E /* MapViewController.swift */; };
		7276A6A027FA0A120090FE9E /* AccountViewController.swift in Sources */ = {isa = PBXBuildFile; fileRef = 7276A69F27FA0A120090FE9E /* AccountViewController.swift */; };
		72851A312802BF4F00928FBC /* ListParkViewController.swift in Sources */ = {isa = PBXBuildFile; fileRef = 72851A302802BF4F00928FBC /* ListParkViewController.swift */; };
		72851A332802C5C600928FBC /* ParkListCell.swift in Sources */ = {isa = PBXBuildFile; fileRef = 72851A322802C5C600928FBC /* ParkListCell.swift */; };
		9E423C7A5FB13F0FA766FA37 /* Pods_MPark.framework in Frameworks */ = {isa = PBXBuildFile; fileRef = 9FAD4AB4DC634A97C4CD5F85 /* Pods_MPark.framework */; };
/* End PBXBuildFile section */

/* Begin PBXFileReference section */
		2C229382BB157E86CD09B64B /* Pods-MPark.debug.xcconfig */ = {isa = PBXFileReference; includeInIndex = 1; lastKnownFileType = text.xcconfig; name = "Pods-MPark.debug.xcconfig"; path = "Target Support Files/Pods-MPark/Pods-MPark.debug.xcconfig"; sourceTree = "<group>"; };
		62665B2B35A5B98D9F380F79 /* Pods-MPark.release.xcconfig */ = {isa = PBXFileReference; includeInIndex = 1; lastKnownFileType = text.xcconfig; name = "Pods-MPark.release.xcconfig"; path = "Target Support Files/Pods-MPark/Pods-MPark.release.xcconfig"; sourceTree = "<group>"; };
		7276A68427F986010090FE9E /* MPark.app */ = {isa = PBXFileReference; explicitFileType = wrapper.application; includeInIndex = 0; path = MPark.app; sourceTree = BUILT_PRODUCTS_DIR; };
		7276A68727F986010090FE9E /* AppDelegate.swift */ = {isa = PBXFileReference; lastKnownFileType = sourcecode.swift; path = AppDelegate.swift; sourceTree = "<group>"; };
		7276A68927F986010090FE9E /* SceneDelegate.swift */ = {isa = PBXFileReference; lastKnownFileType = sourcecode.swift; path = SceneDelegate.swift; sourceTree = "<group>"; };
		7276A68B27F986010090FE9E /* ViewController.swift */ = {isa = PBXFileReference; lastKnownFileType = sourcecode.swift; path = ViewController.swift; sourceTree = "<group>"; };
		7276A68E27F986010090FE9E /* Base */ = {isa = PBXFileReference; lastKnownFileType = file.storyboard; name = Base; path = Base.lproj/Main.storyboard; sourceTree = "<group>"; };
		7276A69027F986030090FE9E /* Assets.xcassets */ = {isa = PBXFileReference; lastKnownFileType = folder.assetcatalog; path = Assets.xcassets; sourceTree = "<group>"; };
		7276A69327F986030090FE9E /* Base */ = {isa = PBXFileReference; lastKnownFileType = file.storyboard; name = Base; path = Base.lproj/LaunchScreen.storyboard; sourceTree = "<group>"; };
		7276A69527F986030090FE9E /* Info.plist */ = {isa = PBXFileReference; lastKnownFileType = text.plist.xml; path = Info.plist; sourceTree = "<group>"; };
		7276A69B27F986190090FE9E /* GoogleService-Info.plist */ = {isa = PBXFileReference; fileEncoding = 4; lastKnownFileType = text.plist.xml; path = "GoogleService-Info.plist"; sourceTree = "<group>"; };
		7276A69D27FA09E80090FE9E /* MapViewController.swift */ = {isa = PBXFileReference; lastKnownFileType = sourcecode.swift; path = MapViewController.swift; sourceTree = "<group>"; };
		7276A69F27FA0A120090FE9E /* AccountViewController.swift */ = {isa = PBXFileReference; lastKnownFileType = sourcecode.swift; path = AccountViewController.swift; sourceTree = "<group>"; };
		72851A302802BF4F00928FBC /* ListParkViewController.swift */ = {isa = PBXFileReference; lastKnownFileType = sourcecode.swift; path = ListParkViewController.swift; sourceTree = "<group>"; };
		72851A322802C5C600928FBC /* ParkListCell.swift */ = {isa = PBXFileReference; lastKnownFileType = sourcecode.swift; path = ParkListCell.swift; sourceTree = "<group>"; };
		9FAD4AB4DC634A97C4CD5F85 /* Pods_MPark.framework */ = {isa = PBXFileReference; explicitFileType = wrapper.framework; includeInIndex = 0; path = Pods_MPark.framework; sourceTree = BUILT_PRODUCTS_DIR; };
/* End PBXFileReference section */

/* Begin PBXFrameworksBuildPhase section */
		7276A68127F986010090FE9E /* Frameworks */ = {
			isa = PBXFrameworksBuildPhase;
			buildActionMask = 2147483647;
			files = (
				9E423C7A5FB13F0FA766FA37 /* Pods_MPark.framework in Frameworks */,
			);
			runOnlyForDeploymentPostprocessing = 0;
		};
/* End PBXFrameworksBuildPhase section */

/* Begin PBXGroup section */
		7276A67B27F986010090FE9E = {
			isa = PBXGroup;
			children = (
				7276A68627F986010090FE9E /* MPark */,
				7276A68527F986010090FE9E /* Products */,
				E6536EF49D025F9E7FD60A5D /* Pods */,
				E6493474070B5918371B2B26 /* Frameworks */,
			);
			sourceTree = "<group>";
		};
		7276A68527F986010090FE9E /* Products */ = {
			isa = PBXGroup;
			children = (
				7276A68427F986010090FE9E /* MPark.app */,
			);
			name = Products;
			sourceTree = "<group>";
		};
		7276A68627F986010090FE9E /* MPark */ = {
			isa = PBXGroup;
			children = (
				7276A68727F986010090FE9E /* AppDelegate.swift */,
				7276A68927F986010090FE9E /* SceneDelegate.swift */,
				7276A68B27F986010090FE9E /* ViewController.swift */,
				7276A69D27FA09E80090FE9E /* MapViewController.swift */,
				72851A302802BF4F00928FBC /* ListParkViewController.swift */,
				72851A322802C5C600928FBC /* ParkListCell.swift */,
				7276A69F27FA0A120090FE9E /* AccountViewController.swift */,
				7276A68D27F986010090FE9E /* Main.storyboard */,
				7276A69027F986030090FE9E /* Assets.xcassets */,
				7276A69227F986030090FE9E /* LaunchScreen.storyboard */,
				7276A69527F986030090FE9E /* Info.plist */,
				7276A69B27F986190090FE9E /* GoogleService-Info.plist */,
			);
			path = MPark;
			sourceTree = "<group>";
		};
		E6493474070B5918371B2B26 /* Frameworks */ = {
			isa = PBXGroup;
			children = (
				9FAD4AB4DC634A97C4CD5F85 /* Pods_MPark.framework */,
			);
			name = Frameworks;
			sourceTree = "<group>";
		};
		E6536EF49D025F9E7FD60A5D /* Pods */ = {
			isa = PBXGroup;
			children = (
				2C229382BB157E86CD09B64B /* Pods-MPark.debug.xcconfig */,
				62665B2B35A5B98D9F380F79 /* Pods-MPark.release.xcconfig */,
			);
			path = Pods;
			sourceTree = "<group>";
		};
/* End PBXGroup section */

/* Begin PBXNativeTarget section */
		7276A68327F986010090FE9E /* MPark */ = {
			isa = PBXNativeTarget;
			buildConfigurationList = 7276A69827F986030090FE9E /* Build configuration list for PBXNativeTarget "MPark" */;
			buildPhases = (
				6C61948F6739BAA9747765F9 /* [CP] Check Pods Manifest.lock */,
				7276A68027F986010090FE9E /* Sources */,
				7276A68127F986010090FE9E /* Frameworks */,
				7276A68227F986010090FE9E /* Resources */,
				ABAF3C08F2B4E24BC92CA167 /* [CP] Embed Pods Frameworks */,
			);
			buildRules = (
			);
			dependencies = (
			);
			name = MPark;
			productName = MPark;
			productReference = 7276A68427F986010090FE9E /* MPark.app */;
			productType = "com.apple.product-type.application";
		};
/* End PBXNativeTarget section */

/* Begin PBXProject section */
		7276A67C27F986010090FE9E /* Project object */ = {
			isa = PBXProject;
			attributes = {
				BuildIndependentTargetsInParallel = 1;
				LastSwiftUpdateCheck = 1320;
				LastUpgradeCheck = 1320;
				TargetAttributes = {
					7276A68327F986010090FE9E = {
						CreatedOnToolsVersion = 13.2.1;
					};
				};
			};
			buildConfigurationList = 7276A67F27F986010090FE9E /* Build configuration list for PBXProject "MPark" */;
			compatibilityVersion = "Xcode 13.0";
			developmentRegion = en;
			hasScannedForEncodings = 0;
			knownRegions = (
				en,
				Base,
			);
			mainGroup = 7276A67B27F986010090FE9E;
			productRefGroup = 7276A68527F986010090FE9E /* Products */;
			projectDirPath = "";
			projectRoot = "";
			targets = (
				7276A68327F986010090FE9E /* MPark */,
			);
		};
/* End PBXProject section */

/* Begin PBXResourcesBuildPhase section */
		7276A68227F986010090FE9E /* Resources */ = {
			isa = PBXResourcesBuildPhase;
			buildActionMask = 2147483647;
			files = (
				7276A69427F986030090FE9E /* LaunchScreen.storyboard in Resources */,
				7276A69C27F986190090FE9E /* GoogleService-Info.plist in Resources */,
				7276A69127F986030090FE9E /* Assets.xcassets in Resources */,
				7276A68F27F986010090FE9E /* Main.storyboard in Resources */,
			);
			runOnlyForDeploymentPostprocessing = 0;
		};
/* End PBXResourcesBuildPhase section */

/* Begin PBXShellScriptBuildPhase section */
		6C61948F6739BAA9747765F9 /* [CP] Check Pods Manifest.lock */ = {
			isa = PBXShellScriptBuildPhase;
			buildActionMask = 2147483647;
			files = (
			);
			inputFileListPaths = (
			);
			inputPaths = (
				"${PODS_PODFILE_DIR_PATH}/Podfile.lock",
				"${PODS_ROOT}/Manifest.lock",
			);
			name = "[CP] Check Pods Manifest.lock";
			outputFileListPaths = (
			);
			outputPaths = (
				"$(DERIVED_FILE_DIR)/Pods-MPark-checkManifestLockResult.txt",
			);
			runOnlyForDeploymentPostprocessing = 0;
			shellPath = /bin/sh;
			shellScript = "diff \"${PODS_PODFILE_DIR_PATH}/Podfile.lock\" \"${PODS_ROOT}/Manifest.lock\" > /dev/null\nif [ $? != 0 ] ; then\n    # print error to STDERR\n    echo \"error: The sandbox is not in sync with the Podfile.lock. Run 'pod install' or update your CocoaPods installation.\" >&2\n    exit 1\nfi\n# This output is used by Xcode 'outputs' to avoid re-running this script phase.\necho \"SUCCESS\" > \"${SCRIPT_OUTPUT_FILE_0}\"\n";
			showEnvVarsInLog = 0;
		};
		ABAF3C08F2B4E24BC92CA167 /* [CP] Embed Pods Frameworks */ = {
			isa = PBXShellScriptBuildPhase;
			buildActionMask = 2147483647;
			files = (
			);
			inputFileListPaths = (
				"${PODS_ROOT}/Target Support Files/Pods-MPark/Pods-MPark-frameworks-${CONFIGURATION}-input-files.xcfilelist",
			);
			name = "[CP] Embed Pods Frameworks";
			outputFileListPaths = (
				"${PODS_ROOT}/Target Support Files/Pods-MPark/Pods-MPark-frameworks-${CONFIGURATION}-output-files.xcfilelist",
			);
			runOnlyForDeploymentPostprocessing = 0;
			shellPath = /bin/sh;
			shellScript = "\"${PODS_ROOT}/Target Support Files/Pods-MPark/Pods-MPark-frameworks.sh\"\n";
			showEnvVarsInLog = 0;
		};
/* End PBXShellScriptBuildPhase section */

/* Begin PBXSourcesBuildPhase section */
		7276A68027F986010090FE9E /* Sources */ = {
			isa = PBXSourcesBuildPhase;
			buildActionMask = 2147483647;
			files = (
				7276A68C27F986010090FE9E /* ViewController.swift in Sources */,
				7276A6A027FA0A120090FE9E /* AccountViewController.swift in Sources */,
				7276A68827F986010090FE9E /* AppDelegate.swift in Sources */,
				7276A68A27F986010090FE9E /* SceneDelegate.swift in Sources */,
				72851A332802C5C600928FBC /* ParkListCell.swift in Sources */,
				72851A312802BF4F00928FBC /* ListParkViewController.swift in Sources */,
				7276A69E27FA09E80090FE9E /* MapViewController.swift in Sources */,
			);
			runOnlyForDeploymentPostprocessing = 0;
		};
/* End PBXSourcesBuildPhase section */

/* Begin PBXVariantGroup section */
		7276A68D27F986010090FE9E /* Main.storyboard */ = {
			isa = PBXVariantGroup;
			children = (
				7276A68E27F986010090FE9E /* Base */,
			);
			name = Main.storyboard;
			sourceTree = "<group>";
		};
		7276A69227F986030090FE9E /* LaunchScreen.storyboard */ = {
			isa = PBXVariantGroup;
			children = (
				7276A69327F986030090FE9E /* Base */,
			);
			name = LaunchScreen.storyboard;
			sourceTree = "<group>";
		};
/* End PBXVariantGroup section */

/* Begin XCBuildConfiguration section */
		7276A69627F986030090FE9E /* Debug */ = {
			isa = XCBuildConfiguration;
			buildSettings = {
				ALWAYS_SEARCH_USER_PATHS = NO;
				CLANG_ANALYZER_NONNULL = YES;
				CLANG_ANALYZER_NUMBER_OBJECT_CONVERSION = YES_AGGRESSIVE;
				CLANG_CXX_LANGUAGE_STANDARD = "gnu++17";
				CLANG_CXX_LIBRARY = "libc++";
				CLANG_ENABLE_MODULES = YES;
				CLANG_ENABLE_OBJC_ARC = YES;
				CLANG_ENABLE_OBJC_WEAK = YES;
				CLANG_WARN_BLOCK_CAPTURE_AUTORELEASING = YES;
				CLANG_WARN_BOOL_CONVERSION = YES;
				CLANG_WARN_COMMA = YES;
				CLANG_WARN_CONSTANT_CONVERSION = YES;
				CLANG_WARN_DEPRECATED_OBJC_IMPLEMENTATIONS = YES;
				CLANG_WARN_DIRECT_OBJC_ISA_USAGE = YES_ERROR;
				CLANG_WARN_DOCUMENTATION_COMMENTS = YES;
				CLANG_WARN_EMPTY_BODY = YES;
				CLANG_WARN_ENUM_CONVERSION = YES;
				CLANG_WARN_INFINITE_RECURSION = YES;
				CLANG_WARN_INT_CONVERSION = YES;
				CLANG_WARN_NON_LITERAL_NULL_CONVERSION = YES;
				CLANG_WARN_OBJC_IMPLICIT_RETAIN_SELF = YES;
				CLANG_WARN_OBJC_LITERAL_CONVERSION = YES;
				CLANG_WARN_OBJC_ROOT_CLASS = YES_ERROR;
				CLANG_WARN_QUOTED_INCLUDE_IN_FRAMEWORK_HEADER = YES;
				CLANG_WARN_RANGE_LOOP_ANALYSIS = YES;
				CLANG_WARN_STRICT_PROTOTYPES = YES;
				CLANG_WARN_SUSPICIOUS_MOVE = YES;
				CLANG_WARN_UNGUARDED_AVAILABILITY = YES_AGGRESSIVE;
				CLANG_WARN_UNREACHABLE_CODE = YES;
				CLANG_WARN__DUPLICATE_METHOD_MATCH = YES;
				COPY_PHASE_STRIP = NO;
				DEBUG_INFORMATION_FORMAT = dwarf;
				ENABLE_STRICT_OBJC_MSGSEND = YES;
				ENABLE_TESTABILITY = YES;
				GCC_C_LANGUAGE_STANDARD = gnu11;
				GCC_DYNAMIC_NO_PIC = NO;
				GCC_NO_COMMON_BLOCKS = YES;
				GCC_OPTIMIZATION_LEVEL = 0;
				GCC_PREPROCESSOR_DEFINITIONS = (
					"DEBUG=1",
					"$(inherited)",
				);
				GCC_WARN_64_TO_32_BIT_CONVERSION = YES;
				GCC_WARN_ABOUT_RETURN_TYPE = YES_ERROR;
				GCC_WARN_UNDECLARED_SELECTOR = YES;
				GCC_WARN_UNINITIALIZED_AUTOS = YES_AGGRESSIVE;
				GCC_WARN_UNUSED_FUNCTION = YES;
				GCC_WARN_UNUSED_VARIABLE = YES;
				IPHONEOS_DEPLOYMENT_TARGET = 15.2;
				MTL_ENABLE_DEBUG_INFO = INCLUDE_SOURCE;
				MTL_FAST_MATH = YES;
				ONLY_ACTIVE_ARCH = YES;
				SDKROOT = iphoneos;
				SWIFT_ACTIVE_COMPILATION_CONDITIONS = DEBUG;
				SWIFT_OPTIMIZATION_LEVEL = "-Onone";
			};
			name = Debug;
		};
		7276A69727F986030090FE9E /* Release */ = {
			isa = XCBuildConfiguration;
			buildSettings = {
				ALWAYS_SEARCH_USER_PATHS = NO;
				CLANG_ANALYZER_NONNULL = YES;
				CLANG_ANALYZER_NUMBER_OBJECT_CONVERSION = YES_AGGRESSIVE;
				CLANG_CXX_LANGUAGE_STANDARD = "gnu++17";
				CLANG_CXX_LIBRARY = "libc++";
				CLANG_ENABLE_MODULES = YES;
				CLANG_ENABLE_OBJC_ARC = YES;
				CLANG_ENABLE_OBJC_WEAK = YES;
				CLANG_WARN_BLOCK_CAPTURE_AUTORELEASING = YES;
				CLANG_WARN_BOOL_CONVERSION = YES;
				CLANG_WARN_COMMA = YES;
				CLANG_WARN_CONSTANT_CONVERSION = YES;
				CLANG_WARN_DEPRECATED_OBJC_IMPLEMENTATIONS = YES;
				CLANG_WARN_DIRECT_OBJC_ISA_USAGE = YES_ERROR;
				CLANG_WARN_DOCUMENTATION_COMMENTS = YES;
				CLANG_WARN_EMPTY_BODY = YES;
				CLANG_WARN_ENUM_CONVERSION = YES;
				CLANG_WARN_INFINITE_RECURSION = YES;
				CLANG_WARN_INT_CONVERSION = YES;
				CLANG_WARN_NON_LITERAL_NULL_CONVERSION = YES;
				CLANG_WARN_OBJC_IMPLICIT_RETAIN_SELF = YES;
				CLANG_WARN_OBJC_LITERAL_CONVERSION = YES;
				CLANG_WARN_OBJC_ROOT_CLASS = YES_ERROR;
				CLANG_WARN_QUOTED_INCLUDE_IN_FRAMEWORK_HEADER = YES;
				CLANG_WARN_RANGE_LOOP_ANALYSIS = YES;
				CLANG_WARN_STRICT_PROTOTYPES = YES;
				CLANG_WARN_SUSPICIOUS_MOVE = YES;
				CLANG_WARN_UNGUARDED_AVAILABILITY = YES_AGGRESSIVE;
				CLANG_WARN_UNREACHABLE_CODE = YES;
				CLANG_WARN__DUPLICATE_METHOD_MATCH = YES;
				COPY_PHASE_STRIP = NO;
				DEBUG_INFORMATION_FORMAT = "dwarf-with-dsym";
				ENABLE_NS_ASSERTIONS = NO;
				ENABLE_STRICT_OBJC_MSGSEND = YES;
				GCC_C_LANGUAGE_STANDARD = gnu11;
				GCC_NO_COMMON_BLOCKS = YES;
				GCC_WARN_64_TO_32_BIT_CONVERSION = YES;
				GCC_WARN_ABOUT_RETURN_TYPE = YES_ERROR;
				GCC_WARN_UNDECLARED_SELECTOR = YES;
				GCC_WARN_UNINITIALIZED_AUTOS = YES_AGGRESSIVE;
				GCC_WARN_UNUSED_FUNCTION = YES;
				GCC_WARN_UNUSED_VARIABLE = YES;
				IPHONEOS_DEPLOYMENT_TARGET = 15.2;
				MTL_ENABLE_DEBUG_INFO = NO;
				MTL_FAST_MATH = YES;
				SDKROOT = iphoneos;
				SWIFT_COMPILATION_MODE = wholemodule;
				SWIFT_OPTIMIZATION_LEVEL = "-O";
				VALIDATE_PRODUCT = YES;
			};
			name = Release;
		};
		7276A69927F986030090FE9E /* Debug */ = {
			isa = XCBuildConfiguration;
			baseConfigurationReference = 2C229382BB157E86CD09B64B /* Pods-MPark.debug.xcconfig */;
			buildSettings = {
				ASSETCATALOG_COMPILER_APPICON_NAME = AppIcon;
				ASSETCATALOG_COMPILER_GLOBAL_ACCENT_COLOR_NAME = AccentColor;
				CODE_SIGN_STYLE = Automatic;
				CURRENT_PROJECT_VERSION = 1;
				DEVELOPMENT_TEAM = JQBT4RS2TG;
				GENERATE_INFOPLIST_FILE = YES;
				INFOPLIST_FILE = MPark/Info.plist;
				INFOPLIST_KEY_UIApplicationSupportsIndirectInputEvents = YES;
				INFOPLIST_KEY_UILaunchStoryboardName = LaunchScreen;
				INFOPLIST_KEY_UIMainStoryboardFile = Main;
				INFOPLIST_KEY_UISupportedInterfaceOrientations_iPad = "UIInterfaceOrientationPortrait UIInterfaceOrientationPortraitUpsideDown UIInterfaceOrientationLandscapeLeft UIInterfaceOrientationLandscapeRight";
				INFOPLIST_KEY_UISupportedInterfaceOrientations_iPhone = "UIInterfaceOrientationPortrait UIInterfaceOrientationLandscapeLeft UIInterfaceOrientationLandscapeRight";
				LD_RUNPATH_SEARCH_PATHS = (
					"$(inherited)",
					"@executable_path/Frameworks",
				);
				MARKETING_VERSION = 1.0;
				PRODUCT_BUNDLE_IDENTIFIER = com.hasanguzelmansur.MPark;
				PRODUCT_NAME = "$(TARGET_NAME)";
				SWIFT_EMIT_LOC_STRINGS = YES;
				SWIFT_VERSION = 5.0;
				TARGETED_DEVICE_FAMILY = "1,2";
			};
			name = Debug;
		};
		7276A69A27F986030090FE9E /* Release */ = {
			isa = XCBuildConfiguration;
			baseConfigurationReference = 62665B2B35A5B98D9F380F79 /* Pods-MPark.release.xcconfig */;
			buildSettings = {
				ASSETCATALOG_COMPILER_APPICON_NAME = AppIcon;
				ASSETCATALOG_COMPILER_GLOBAL_ACCENT_COLOR_NAME = AccentColor;
				CODE_SIGN_STYLE = Automatic;
				CURRENT_PROJECT_VERSION = 1;
				DEVELOPMENT_TEAM = JQBT4RS2TG;
				GENERATE_INFOPLIST_FILE = YES;
				INFOPLIST_FILE = MPark/Info.plist;
				INFOPLIST_KEY_UIApplicationSupportsIndirectInputEvents = YES;
				INFOPLIST_KEY_UILaunchStoryboardName = LaunchScreen;
				INFOPLIST_KEY_UIMainStoryboardFile = Main;
				INFOPLIST_KEY_UISupportedInterfaceOrientations_iPad = "UIInterfaceOrientationPortrait UIInterfaceOrientationPortraitUpsideDown UIInterfaceOrientationLandscapeLeft UIInterfaceOrientationLandscapeRight";
				INFOPLIST_KEY_UISupportedInterfaceOrientations_iPhone = "UIInterfaceOrientationPortrait UIInterfaceOrientationLandscapeLeft UIInterfaceOrientationLandscapeRight";
				LD_RUNPATH_SEARCH_PATHS = (
					"$(inherited)",
					"@executable_path/Frameworks",
				);
				MARKETING_VERSION = 1.0;
				PRODUCT_BUNDLE_IDENTIFIER = com.hasanguzelmansur.MPark;
				PRODUCT_NAME = "$(TARGET_NAME)";
				SWIFT_EMIT_LOC_STRINGS = YES;
				SWIFT_VERSION = 5.0;
				TARGETED_DEVICE_FAMILY = "1,2";
			};
			name = Release;
		};
/* End XCBuildConfiguration section */

/* Begin XCConfigurationList section */
		7276A67F27F986010090FE9E /* Build configuration list for PBXProject "MPark" */ = {
			isa = XCConfigurationList;
			buildConfigurations = (
				7276A69627F986030090FE9E /* Debug */,
				7276A69727F986030090FE9E /* Release */,
			);
			defaultConfigurationIsVisible = 0;
			defaultConfigurationName = Release;
		};
		7276A69827F986030090FE9E /* Build configuration list for PBXNativeTarget "MPark" */ = {
			isa = XCConfigurationList;
			buildConfigurations = (
				7276A69927F986030090FE9E /* Debug */,
				7276A69A27F986030090FE9E /* Release */,
			);
			defaultConfigurationIsVisible = 0;
			defaultConfigurationName = Release;
		};
/* End XCConfigurationList section */
	};
	rootObject = 7276A67C27F986010090FE9E /* Project object */;
}
